{
  "nodes": {
    "base16-schemes": {
      "flake": false,
      "locked": {
        "lastModified": 1689473676,
        "narHash": "sha256-L0RhUr9+W5EPWBpLcmkKpUeCEWRs/kLzVMF3Vao2ZU0=",
        "owner": "tinted-theming",
        "repo": "base16-schemes",
        "rev": "d95123ca6377cd849cfdce92c0a24406b0c6a789",
        "type": "github"
      },
      "original": {
        "owner": "tinted-theming",
        "repo": "base16-schemes",
        "type": "github"
      }
    },
    "disconic": {
      "inputs": {
        "nixpkgs": "nixpkgs",
        "rust-overlay": "rust-overlay"
      },
      "locked": {
        "lastModified": 1686712653,
        "narHash": "sha256-O/+mtiHxheKg5aMyjfIHOjuImRHQNzt72IUAap+B6uQ=",
        "owner": "misterio77",
        "repo": "disconic",
        "rev": "074bc44d4d100f0e8281da3e219537d89c1a92ef",
        "type": "github"
      },
      "original": {
        "owner": "misterio77",
        "repo": "disconic",
        "type": "github"
      }
    },
    "firefox-addons": {
      "inputs": {
        "flake-utils": "flake-utils_2",
        "nixpkgs": [
          "nixpkgs"
        ]
      },
      "locked": {
        "dir": "pkgs/firefox-addons",
        "lastModified": 1702008165,
        "narHash": "sha256-MDJ51iCp3/1MPEiPBUWa+29L9qNxYIHgeRLyJSHn0hw=",
        "owner": "rycee",
        "repo": "nur-expressions",
        "rev": "75533ca913eed3138bbba2f32c2a6085157a307f",
        "type": "gitlab"
      },
      "original": {
        "dir": "pkgs/firefox-addons",
        "owner": "rycee",
        "repo": "nur-expressions",
        "type": "gitlab"
      }
    },
    "flake-utils": {
      "inputs": {
        "systems": "systems"
      },
      "locked": {
        "lastModified": 1681202837,
        "narHash": "sha256-H+Rh19JDwRtpVPAWp64F+rlEtxUWBAQW28eAi3SRSzg=",
        "owner": "numtide",
        "repo": "flake-utils",
        "rev": "cfacdce06f30d2b68473a46042957675eebb3401",
        "type": "github"
      },
      "original": {
        "owner": "numtide",
        "repo": "flake-utils",
        "type": "github"
      }
    },
    "flake-utils_2": {
      "locked": {
        "lastModified": 1629284811,
        "narHash": "sha256-JHgasjPR0/J1J3DRm4KxM4zTyAj4IOJY8vIl75v/kPI=",
        "owner": "numtide",
        "repo": "flake-utils",
        "rev": "c5d161cc0af116a2e17f54316f0bf43f0819785c",
        "type": "github"
      },
      "original": {
        "owner": "numtide",
        "repo": "flake-utils",
        "type": "github"
      }
    },
    "hardware": {
      "locked": {
        "lastModified": 1701656485,
        "narHash": "sha256-xDFormrGCKKGqngHa2Bz1GTeKlFMMjLnHhTDRdMJ1hs=",
        "owner": "nixos",
        "repo": "nixos-hardware",
        "rev": "fa194fc484fd7270ab324bb985593f71102e84d1",
        "type": "github"
      },
      "original": {
        "owner": "nixos",
        "repo": "nixos-hardware",
        "type": "github"
      }
    },
    "home-manager": {
      "inputs": {
        "nixpkgs": [
          "nixpkgs"
        ]
      },
      "locked": {
        "lastModified": 1702814678,
        "narHash": "sha256-zDtO0jV2QLoddUJinLlTQrQqCUW3dPiIWOSYgg98T7E=",
        "owner": "nix-community",
        "repo": "home-manager",
        "rev": "1488651d02c1a7a15e284210f0d380a62d8d8cef",
        "type": "github"
      },
      "original": {
        "owner": "nix-community",
        "ref": "release-23.11",
        "repo": "home-manager",
        "type": "github"
      }
    },
    "hyprland": {
      "inputs": {
        "hyprland-protocols": "hyprland-protocols",
        "nixpkgs": "nixpkgs_2",
        "systems": "systems_2",
        "wlroots": "wlroots",
        "xdph": "xdph"
      },
      "locked": {
        "lastModified": 1701988578,
        "narHash": "sha256-44jQ4XMNP5ql3fdXLN+SCEnKfZcK1aY34koIwFLWgYw=",
        "owner": "hyprwm",
        "repo": "Hyprland",
        "rev": "6fb1b89b982eea26ecae75b93f1742537c4f31ae",
        "type": "github"
      },
      "original": {
        "owner": "hyprwm",
        "repo": "Hyprland",
        "type": "github"
      }
    },
    "hyprland-protocols": {
      "inputs": {
        "nixpkgs": [
          "hyprland",
          "nixpkgs"
        ],
        "systems": [
          "hyprland",
          "systems"
        ]
      },
      "locked": {
        "lastModified": 1691753796,
        "narHash": "sha256-zOEwiWoXk3j3+EoF3ySUJmberFewWlagvewDRuWYAso=",
        "owner": "hyprwm",
        "repo": "hyprland-protocols",
        "rev": "0c2ce70625cb30aef199cb388f99e19a61a6ce03",
        "type": "github"
      },
      "original": {
        "owner": "hyprwm",
        "repo": "hyprland-protocols",
        "type": "github"
      }
    },
    "hyprwm-contrib": {
      "inputs": {
        "nixpkgs": [
          "nixpkgs"
        ]
      },
      "locked": {
        "lastModified": 1700963402,
        "narHash": "sha256-JhkanLmYRLekGOysO6JpCWKPlgRoemHPzUrARCGBqYA=",
        "owner": "hyprwm",
        "repo": "contrib",
        "rev": "65e567a81176d39be7ce6513d1af23954f00cbec",
        "type": "github"
      },
      "original": {
        "owner": "hyprwm",
        "repo": "contrib",
        "type": "github"
      }
    },
    "nix-colors": {
      "inputs": {
        "base16-schemes": "base16-schemes",
        "nixpkgs-lib": "nixpkgs-lib"
      },
      "locked": {
        "lastModified": 1695388192,
        "narHash": "sha256-2jelpE7xK+4M7jZNyWL7QYOYegQLYBDQS5bvdo8XRUQ=",
        "owner": "misterio77",
        "repo": "nix-colors",
        "rev": "37227f274b34a3b51649166deb94ce7fec2c6a4c",
        "type": "github"
      },
      "original": {
        "owner": "misterio77",
        "repo": "nix-colors",
        "type": "github"
      }
    },
    "nixpkgs": {
      "locked": {
        "lastModified": 1686331006,
        "narHash": "sha256-hElRDWUNG655aqF0awu+h5cmDN+I/dQcChRt2tGuGGU=",
        "owner": "NixOS",
        "repo": "nixpkgs",
        "rev": "85bcb95aa83be667e562e781e9d186c57a07d757",
        "type": "github"
      },
      "original": {
        "owner": "NixOS",
        "ref": "nixos-23.05",
        "repo": "nixpkgs",
        "type": "github"
      }
    },
    "nixpkgs-lib": {
      "locked": {
        "lastModified": 1694911725,
        "narHash": "sha256-8YqI+YU1DGclEjHsnrrGfqsQg3Wyga1DfTbJrN3Ud0c=",
        "owner": "nix-community",
        "repo": "nixpkgs.lib",
        "rev": "819180647f428a3826bfc917a54449da1e532ce0",
        "type": "github"
      },
      "original": {
        "owner": "nix-community",
        "repo": "nixpkgs.lib",
        "type": "github"
      }
    },
    "nixpkgs_2": {
      "locked": {
        "lastModified": 1700612854,
        "narHash": "sha256-yrQ8osMD+vDLGFX7pcwsY/Qr5PUd6OmDMYJZzZi0+zc=",
        "owner": "NixOS",
        "repo": "nixpkgs",
        "rev": "19cbff58383a4ae384dea4d1d0c823d72b49d614",
        "type": "github"
      },
      "original": {
        "owner": "NixOS",
        "ref": "nixos-unstable",
        "repo": "nixpkgs",
        "type": "github"
      }
    },
    "nixpkgs_3": {
      "locked": {
        "lastModified": 1702921762,
        "narHash": "sha256-O/rP7gulApQAB47u6szEd8Pn8Biw0d84j5iuP2tcxzY=",
        "owner": "nixos",
        "repo": "nixpkgs",
        "rev": "d02ffbbe834b5599fc5f134e644e49397eb07188",
        "type": "github"
      },
      "original": {
        "owner": "nixos",
        "ref": "nixos-23.11",
        "repo": "nixpkgs",
        "type": "github"
      }
    },
    "nixpkgs_4": {
      "locked": {
        "lastModified": 1701263465,
        "narHash": "sha256-lNXUIlkfyDyp9Ox21hr+wsEf/IBklLvb6bYcyeXbdRc=",
        "owner": "NixOS",
        "repo": "nixpkgs",
        "rev": "50aa30a13c4ab5e7ba282da460a3e3d44e9d0eb3",
        "type": "github"
      },
      "original": {
        "owner": "NixOS",
        "ref": "nixos-23.11",
        "repo": "nixpkgs",
        "type": "github"
      }
    },
    "nixpkgs_5": {
      "locked": {
        "lastModified": 1701539137,
        "narHash": "sha256-nVO/5QYpf1GwjvtpXhyxx5M3U/WN0MwBro4Lsk+9mL0=",
        "owner": "nixos",
        "repo": "nixpkgs",
        "rev": "933d7dc155096e7575d207be6fb7792bc9f34f6d",
        "type": "github"
      },
      "original": {
        "owner": "nixos",
        "ref": "nixos-23.11",
        "repo": "nixpkgs",
        "type": "github"
      }
    },
    "nixpkgs_6": {
      "locked": {
        "lastModified": 1670543317,
        "narHash": "sha256-4mMR56rtxKr+Gwz399jFr4i76SQZxsLWxxyfQlPXRm0=",
        "owner": "NixOS",
        "repo": "nixpkgs",
        "rev": "7a6a010c3a1d00f8470a5ca888f2f927f1860a19",
        "type": "github"
      },
      "original": {
        "owner": "NixOS",
        "ref": "nixos-22.11",
        "repo": "nixpkgs",
        "type": "github"
      }
    },
    "paste-misterio-me": {
      "inputs": {
        "nixpkgs": "nixpkgs_4"
      },
      "locked": {
        "lastModified": 1701655110,
        "narHash": "sha256-kM4rKFn/fa1oRGt2Qd/6nxG6LidXMKA1ysHahzfjrGg=",
        "owner": "misterio77",
        "repo": "paste.misterio.me",
        "rev": "048d3fc4f58fd40a789ff9f00f6742b6312aca44",
        "type": "github"
      },
      "original": {
        "owner": "misterio77",
        "repo": "paste.misterio.me",
        "type": "github"
      }
    },
    "root": {
      "inputs": {
        "disconic": "disconic",
        "firefox-addons": "firefox-addons",
        "hardware": "hardware",
        "home-manager": "home-manager",
        "hyprland": "hyprland",
        "hyprwm-contrib": "hyprwm-contrib",
        "nix-colors": "nix-colors",
        "nixpkgs": "nixpkgs_3",
        "paste-misterio-me": "paste-misterio-me",
        "website": "website",
        "yrmos": "yrmos"
      }
    },
    "rust-overlay": {
      "inputs": {
        "flake-utils": "flake-utils",
        "nixpkgs": [
          "disconic",
          "nixpkgs"
        ]
      },
      "locked": {
        "lastModified": 1686450923,
        "narHash": "sha256-a7B9VT2NHJWRCerHmZagAXu3z2QHJKhxUhzjh5vAnXU=",
        "owner": "oxalica",
        "repo": "rust-overlay",
        "rev": "4b3cb15179af3b8d640a29fa85cc9f332b4123e6",
        "type": "github"
      },
      "original": {
        "owner": "oxalica",
        "repo": "rust-overlay",
        "type": "github"
      }
    },
    "systems": {
      "locked": {
        "lastModified": 1681028828,
        "narHash": "sha256-Vy1rq5AaRuLzOxct8nz4T6wlgyUR7zLU309k9mBC768=",
        "owner": "nix-systems",
        "repo": "default",
        "rev": "da67096a3b9bf56a91d16901293e51ba5b49a27e",
        "type": "github"
      },
      "original": {
        "owner": "nix-systems",
        "repo": "default",
        "type": "github"
      }
    },
    "systems_2": {
      "locked": {
        "lastModified": 1689347949,
        "narHash": "sha256-12tWmuL2zgBgZkdoB6qXZsgJEH9LR3oUgpaQq2RbI80=",
        "owner": "nix-systems",
        "repo": "default-linux",
        "rev": "31732fcf5e8fea42e59c2488ad31a0e651500f68",
        "type": "github"
      },
      "original": {
        "owner": "nix-systems",
        "repo": "default-linux",
        "type": "github"
      }
    },
    "systems_3": {
      "locked": {
        "lastModified": 1689347949,
        "narHash": "sha256-12tWmuL2zgBgZkdoB6qXZsgJEH9LR3oUgpaQq2RbI80=",
        "owner": "nix-systems",
        "repo": "default-linux",
        "rev": "31732fcf5e8fea42e59c2488ad31a0e651500f68",
        "type": "github"
      },
      "original": {
        "owner": "nix-systems",
        "repo": "default-linux",
        "type": "github"
      }
    },
    "website": {
      "inputs": {
        "nixpkgs": "nixpkgs_5",
        "systems": "systems_3"
      },
      "locked": {
        "lastModified": 1701796877,
        "narHash": "sha256-jNedgPTdRYFI6OkikOm7h/ne3AxcvEFmHUgcH7JD844=",
        "owner": "misterio77",
        "repo": "website",
        "rev": "caf8713904e6390707057e21a03b5a08847fd7a1",
        "type": "github"
      },
      "original": {
        "owner": "misterio77",
        "repo": "website",
        "type": "github"
      }
    },
    "wlroots": {
      "flake": false,
      "locked": {
        "host": "gitlab.freedesktop.org",
        "lastModified": 1701368958,
        "narHash": "sha256-7kvyoA91etzVEl9mkA/EJfB6z/PltxX7Xc4gcr7/xlo=",
        "owner": "wlroots",
        "repo": "wlroots",
        "rev": "5d639394f3e83b01596dcd166a44a9a1a2583350",
        "type": "gitlab"
      },
      "original": {
        "host": "gitlab.freedesktop.org",
        "owner": "wlroots",
        "repo": "wlroots",
        "rev": "5d639394f3e83b01596dcd166a44a9a1a2583350",
        "type": "gitlab"
      }
    },
    "xdph": {
      "inputs": {
        "hyprland-protocols": [
          "hyprland",
          "hyprland-protocols"
        ],
        "nixpkgs": [
          "hyprland",
          "nixpkgs"
        ],
        "systems": [
          "hyprland",
          "systems"
        ]
      },
      "locked": {
        "lastModified": 1700508250,
        "narHash": "sha256-X4o/mifI7Nhu0UKYlxx53wIC+gYDo3pVM9L2u3PE2bE=",
        "owner": "hyprwm",
        "repo": "xdg-desktop-portal-hyprland",
        "rev": "eb120ff25265ecacd0fc13d7dab12131b60d0f47",
        "type": "github"
      },
      "original": {
        "owner": "hyprwm",
        "repo": "xdg-desktop-portal-hyprland",
        "type": "github"
      }
    },
    "yrmos": {
      "inputs": {
        "nixpkgs": "nixpkgs_6"
      },
      "locked": {
        "lastModified": 1697654110,
        "narHash": "sha256-3kYhbABtIYy3lVReJXCp0qQBreXZaBgroZboPls9Bw0=",
        "owner": "misterio77",
        "repo": "yrmos",
        "rev": "84d08344c3b35bb885133c664b0562026bdc6439",
        "type": "github"
      },
      "original": {
        "owner": "misterio77",
        "repo": "yrmos",
        "type": "github"
      }
    }
  },
  "root": "root",
  "version": 7
}
